
Microsoft Visual Studio Solution File, Format Version 12.00
# Visual Studio Version 17
VisualStudioVersion = 17.0.32112.339
MinimumVisualStudioVersion = 10.0.40219.1
Project("{9A19103F-16F7-4668-BE54-9A1E7A4F7556}") = "ContractSniper.Core", "ContractSniper.Core\ContractSniper.Core.csproj", "{15AACB15-BD2F-428A-B2B1-A9474B8717EA}"
EndProject
Project("{9A19103F-16F7-4668-BE54-9A1E7A4F7556}") = "ContractSniper.UI", "ContractSniper.UI\ContractSniper.UI.csproj", "{C2B25C7A-FCC9-4A1C-9B68-BC02235A921F}"
EndProject
Global
	GlobalSection(SolutionConfigurationPlatforms) = preSolution
		Debug|Any CPU = Debug|Any CPU
		Release|Any CPU = Release|Any CPU
	EndGlobalSection
	GlobalSection(ProjectConfigurationPlatforms) = postSolution
		{15AACB15-BD2F-428A-B2B1-A9474B8717EA}.Debug|Any CPU.ActiveCfg = Debug|Any CPU
		{15AACB15-BD2F-428A-B2B1-A9474B8717EA}.Debug|Any CPU.Build.0 = Debug|Any CPU
		{15AACB15-BD2F-428A-B2B1-A9474B8717EA}.Release|Any CPU.ActiveCfg = Release|Any CPU
		{15AACB15-BD2F-428A-B2B1-A9474B8717EA}.Release|Any CPU.Build.0 = Release|Any CPU
		{C2B25C7A-FCC9-4A1C-9B68-BC02235A921F}.Debug|Any CPU.ActiveCfg = Debug|Any CPU
		{C2B25C7A-FCC9-4A1C-9B68-BC02235A921F}.Debug|Any CPU.Build.0 = Debug|Any CPU
		{C2B25C7A-FCC9-4A1C-9B68-BC02235A921F}.Release|Any CPU.ActiveCfg = Release|Any CPU
		{C2B25C7A-FCC9-4A1C-9B68-BC02235A921F}.Release|Any CPU.Build.0 = Release|Any CPU
	EndGlobalSection
	GlobalSection(SolutionProperties) = preSolution
		HideSolutionNode = FALSE
	EndGlobalSection
	GlobalSection(ExtensibilityGlobals) = postSolution
		SolutionGuid = {7A7F7C44-62C8-4558-B2F2-98691A74EC05}
	EndGlobalSection
EndGlobal
